
Microsoft Visual Studio Solution File, Format Version 12.00
# Visual Studio Version 17
VisualStudioVersion = 17.14.36310.24 d17.14
MinimumVisualStudioVersion = 10.0.40219.1
Project("{FAE04EC0-301F-11D3-BF4B-00C04F79EFBC}") = "days", "days\days.csproj", "{80E55142-9502-4794-805E-3F1C65B7D2AD}"
EndProject
Global
	GlobalSection(SolutionConfigurationPlatforms) = preSolution
		Debug|Any CPU = Debug|Any CPU
		Debug|x64 = Debug|x64
		Release|Any CPU = Release|Any CPU
		Release|x64 = Release|x64
	EndGlobalSection
	GlobalSection(ProjectConfigurationPlatforms) = postSolution
		{80E55142-9502-4794-805E-3F1C65B7D2AD}.Debug|Any CPU.ActiveCfg = Debug|Any CPU
		{80E55142-9502-4794-805E-3F1C65B7D2AD}.Debug|Any CPU.Build.0 = Debug|Any CPU
		{80E55142-9502-4794-805E-3F1C65B7D2AD}.Debug|x64.ActiveCfg = Debug|x64
		{80E55142-9502-4794-805E-3F1C65B7D2AD}.Debug|x64.Build.0 = Debug|x64
		{80E55142-9502-4794-805E-3F1C65B7D2AD}.Release|Any CPU.ActiveCfg = Release|Any CPU
		{80E55142-9502-4794-805E-3F1C65B7D2AD}.Release|Any CPU.Build.0 = Release|Any CPU
		{80E55142-9502-4794-805E-3F1C65B7D2AD}.Release|x64.ActiveCfg = Release|x64
		{80E55142-9502-4794-805E-3F1C65B7D2AD}.Release|x64.Build.0 = Release|x64
	EndGlobalSection
	GlobalSection(SolutionProperties) = preSolution
		HideSolutionNode = FALSE
	EndGlobalSection
	GlobalSection(ExtensibilityGlobals) = postSolution
		SolutionGuid = {0B0482CC-2674-444C-9377-55F6DC719B95}
	EndGlobalSection
EndGlobal
